version: 1
checksums:
  4188a166aad2705b4f09401f924502ed:
    app/name: de5ba54c66f0d3e5dc5d1fc64caac2e9
    app/tagline: 3ef5cbfdeaef3f8f834f9a2921d052a3
    home/startPlaying: 8eebc0ed486fb38e79c5ba5daed6aabd
    home/viewLevels: 60ab29a557b648344d942aa1718c5f80
    nav/back: b4baf5c93a54294a885ee39650bc188d
    nav/level: 1e3bf31d5c6083e898dd3e3359fbb0c2
    nav/home: 104a3db3b671c04e167eafbe21e57881
    nav/play: 027e225503c43b6e9cc9698e70c2736a
    play/title: de5ba54c66f0d3e5dc5d1fc64caac2e9
    levels/title: 6ebb315bb8a698031e93849b6f46bd11
    levels/description: 190881ba7de9d787271ea4283e2f057e
    levels/levelUnavailable: 993baf7e55e9072d9a779635f0940b24
    levels/viewAvailableLevels: 95d3f35a4e7dedcab63ef71bd029014d
    levels/locked: 30950d887a19841aa481091affd091e6
    levels/notStarted: d09b4606b8539af57be6c8b0d6e7f9f7
    levels/done: ffd408fa29d5bc9039ef8ea1b9b699bb
    levels/play: 027e225503c43b6e9cc9698e70c2736a
    levels/completed: 0e4bbce9985f25eb673d9a054c8d5334
    levels/currentLocation: 0324e18c989bda6aa8a1dbbbb8184d11
    levels/levelTier: 765424b99b1bcbaf2dd9c81611aed196
    levelList/one: 64b05837c884201010092004b52d69d3
    levelList/two: 4bd29cd1c1a72916c5483835df6c4aad
    levelList/three: 97a140ae7ab02ba24ef4de0d1e7e1b30
    levelMap/one: 8197b6cf8fcfcf9d5d0a70326ed7dfbc
    levelMap/two: 76360e08d0f4fe5defbd508da65fd106
    levelMap/three: af38ef7708988f354b17247b76dd8d6a
    levelMap/starterCottage: 947347fdb6bea9b8629ef0241bd18944
    levelMap/neonForest: 584c85b2a2a9887611b23c1d81c69cdd
    levelMap/branching: 465fa5b5cdcb19a3d2d315728c1eaa48
    quest/level1/title: 64b05837c884201010092004b52d69d3
    quest/level1/subtitle: 1fedeca9d24b2ff809f73a23c8c00285
    quest/level1/hint: 202c47400c851c35eb26b80864871d26
    quest/level1/objectiveInit: b12699fa10d4651f936de54c14f200a4
    quest/level1/buttonInit: 4c6fddb7b25341765d00cb81d571552e
    quest/level1/buttonAlreadyInit: e9c4a0959ecabd6cb16a202986e7bd6e
    quest/level1/questComplete: e953318f05bd8c18d5f70feaa8d7cee0
    quest/level1/welcome: b503f667a4081655fb817922328fc0d6
    quest/level1/success: 5dada57cd68202e5ccac809461903e8d
    quest/level1/already: df97f2624ad1b8f7d4e9a4d332ba2481
    avatar/title: 97e1dfa514a28d922e66dce491805f31
    avatar/waiting: 73c795da738e50254d7b63e676c65c5e
    avatar/mood/idle: ff1e82d85365f22233d061305dc2aaba
    avatar/mood/encouraging: 53b954b09d90215d9ab32d422fdf936e
    avatar/mood/success: 886fc91214066dffe7138f3ad1503497
    avatar/mood/celebrating: b8d8eb2a6cda6f062de3044c1473c93f
    avatar/mood/levelComplete: 21a2916fa040762f571647f1c52fe549
    repo/title: 28c2debe822a225389ff8710934abff4
    repo/branches: e2334b6f1d592812268ab1ccfc38fbe9
    repo/commits: 03bc9a147a2b0059e80dfb1287458555
    repo/staged: 32fdbeda3f1066b675eff48b7bb48fd4
    repo/notAGitRepo: a647ba97b15ef14c7b14bf59defe8899
    repo/noCommitsYet: 83d5dc8cf14e6d2604354a16b0d09000
    repo/currentBranch: fd82ddff24a0dd36c502dfcd6f971423
    progression/xp: 405c81bc1a43bd18f6fba18f7668b620
    progression/xpEarned: ba5b4df9c5364781cb4470c2728e385f
    progression/badges: a11ad9f87d9fa5c44b857d8c6e0d23d4
    progression/firstSteps: f55cd4b23af07bb4b5066c3bc6174a80
    progression/firstStepsDesc: b4fcdf0357a7faf9ed30dd6cf4ca6795
